{
  "name": "Geospatial Web Mapping",
  "version": "0.1",
  "lockfileVersion": 1,
  "requires": true,
  "dependencies": {
    "async": {
      "version": "0.9.2",
      "resolved": "https://registry.npmjs.org/async/-/async-0.9.2.tgz",
      "integrity": "sha1-rqdNXmHB+JlhO/ZL2mbUx48v0X0="
    },
    "aws-sign2": {
      "version": "0.5.0",
      "resolved": "https://registry.npmjs.org/aws-sign2/-/aws-sign2-0.5.0.tgz",
      "integrity": "sha1-xXED96F/wDfwLXwuZLYC6iI/fWM="
    },
    "core-util-is": {
      "version": "1.0.2",
      "resolved": "https://registry.npmjs.org/core-util-is/-/core-util-is-1.0.2.tgz",
      "integrity": "sha1-tf1UIgqivFq1eqtxQMlAdUUDwac="
    },
    "crc": {
      "version": "3.2.1",
      "resolved": "https://registry.npmjs.org/crc/-/crc-3.2.1.tgz",
      "integrity": "sha1-XZyPt3okXNXsopHl0tAFM0urAII="
    },
    "cssom": {
      "version": "0.2.5",
      "resolved": "https://registry.npmjs.org/cssom/-/cssom-0.2.5.tgz",
      "integrity": "sha1-JoJwm1kC5yEt9SkRb/eIzVslSJQ="
    },
    "entities": {
      "version": "1.0.0",
      "resolved": "https://registry.npmjs.org/entities/-/entities-1.0.0.tgz",
      "integrity": "sha1-sph6o4ITR/zeZCsk/fyeT7cSvyY="
    },
    "etag": {
      "version": "1.5.1",
      "resolved": "https://registry.npmjs.org/etag/-/etag-1.5.1.tgz",
      "integrity": "sha1-VMUN4E7kJpVWKSWsVmWIKRvn6eo=",
      "requires": {
        "crc": "3.2.1"
      }
    },
    "express": {
      "version": "4.11.2",
      "resolved": "https://registry.npmjs.org/express/-/express-4.11.2.tgz",
      "integrity": "sha1-jfPVqayEhYXwCgd3YBgj+uzTsUg=",
      "requires": {
        "accepts": "1.2.4",
        "content-disposition": "0.5.0",
        "cookie": "0.1.2",
        "cookie-signature": "1.0.5",
        "debug": "2.1.2",
        "depd": "1.0.0",
        "escape-html": "1.0.1",
        "etag": "1.5.1",
        "finalhandler": "0.3.3",
        "fresh": "0.2.4",
        "media-typer": "0.3.0",
        "merge-descriptors": "0.0.2",
        "methods": "1.1.1",
        "on-finished": "2.2.0",
        "parseurl": "1.3.2",
        "path-to-regexp": "0.1.3",
        "proxy-addr": "1.0.6",
        "qs": "2.3.3",
        "range-parser": "1.0.3",
        "send": "0.11.1",
        "serve-static": "1.8.1",
        "type-is": "1.5.7",
        "utils-merge": "1.0.0",
        "vary": "1.0.1"
      },
      "dependencies": {
        "accepts": {
          "version": "1.2.4",
          "resolved": "https://registry.npmjs.org/accepts/-/accepts-1.2.4.tgz",
          "integrity": "sha1-9ObGb0+vacdr16Y6H/xb0trPsqw=",
          "requires": {
            "mime-types": "2.0.9",
            "negotiator": "0.5.1"
          },
          "dependencies": {
            "mime-types": {
              "version": "2.0.9",
              "resolved": "https://registry.npmjs.org/mime-types/-/mime-types-2.0.9.tgz",
              "integrity": "sha1-6ESa/yexJF3cZkG1JEOa6AxLeKY=",
              "requires": {
                "mime-db": "1.7.0"
              },
              "dependencies": {
                "mime-db": {
                  "version": "1.7.0",
                  "resolved": "https://registry.npmjs.org/mime-db/-/mime-db-1.7.0.tgz",
                  "integrity": "sha1-Ns9mpsUupxgnveKH93wlT17xuNM="
                }
              }
            },
            "negotiator": {
              "version": "0.5.1",
              "resolved": "https://registry.npmjs.org/negotiator/-/negotiator-0.5.1.tgz",
              "integrity": "sha1-SY9mHFIkcBU8YIasgwGcs+tm9hw="
            }
          }
        },
        "content-disposition": {
          "version": "0.5.0",
          "resolved": "https://registry.npmjs.org/content-disposition/-/content-disposition-0.5.0.tgz",
          "integrity": "sha1-QoT+auBjCHRjnkToCkGMKTQTXp4="
        },
        "cookie": {
          "version": "0.1.2",
          "resolved": "https://registry.npmjs.org/cookie/-/cookie-0.1.2.tgz",
          "integrity": "sha1-cv7D0k5Io0Mgc9kMEmQgBQYQBLE="
        },
        "cookie-signature": {
          "version": "1.0.5",
          "resolved": "https://registry.npmjs.org/cookie-signature/-/cookie-signature-1.0.5.tgz",
          "integrity": "sha1-oSLj8VA+yg9TVXlbBxG7I2jUUPk="
        },
        "debug": {
          "version": "2.1.2",
          "resolved": "https://registry.npmjs.org/debug/-/debug-2.1.2.tgz",
          "integrity": "sha1-1YU+xIAR6v2eyApcRzMzLB52ekM=",
          "requires": {
            "ms": "0.7.0"
          },
          "dependencies": {
            "ms": {
              "version": "0.7.0",
              "resolved": "https://registry.npmjs.org/ms/-/ms-0.7.0.tgz",
              "integrity": "sha1-hlvpTC5zl62KV9pqYzpuLzB5i4M="
            }
          }
        },
        "depd": {
          "version": "1.0.0",
          "resolved": "https://registry.npmjs.org/depd/-/depd-1.0.0.tgz",
          "integrity": "sha1-L9oNAOmKrihF1Jkasb8fKhmQc9U="
        },
        "escape-html": {
          "version": "1.0.1",
          "resolved": "https://registry.npmjs.org/escape-html/-/escape-html-1.0.1.tgz",
          "integrity": "sha1-GBoobq05ejmpKFfPsdQwUuNWv/A="
        },
        "finalhandler": {
          "version": "0.3.3",
          "resolved": "https://registry.npmjs.org/finalhandler/-/finalhandler-0.3.3.tgz",
          "integrity": "sha1-saCaoeamB7NUFmmwm8tyf0YM1CY=",
          "requires": {
            "debug": "2.1.2",
            "escape-html": "1.0.1",
            "on-finished": "2.2.0"
          }
        },
        "fresh": {
          "version": "0.2.4",
          "resolved": "https://registry.npmjs.org/fresh/-/fresh-0.2.4.tgz",
          "integrity": "sha1-NYJJkgbJcjcUGQ7ddLRgT+tKYUw="
        },
        "media-typer": {
          "version": "0.3.0",
          "resolved": "https://registry.npmjs.org/media-typer/-/media-typer-0.3.0.tgz",
          "integrity": "sha1-hxDXrwqmJvj/+hzgAWhUUmMlV0g="
        },
        "merge-descriptors": {
          "version": "0.0.2",
          "resolved": "https://registry.npmjs.org/merge-descriptors/-/merge-descriptors-0.0.2.tgz",
          "integrity": "sha1-w2pSp4FDdRPFcnXzndnTF1FKyMc="
        },
        "methods": {
          "version": "1.1.1",
          "resolved": "https://registry.npmjs.org/methods/-/methods-1.1.1.tgz",
          "integrity": "sha1-F+pjZgZtAMWON1uOx9/QRTyJgio="
        },
        "on-finished": {
          "version": "2.2.0",
          "resolved": "https://registry.npmjs.org/on-finished/-/on-finished-2.2.0.tgz",
          "integrity": "sha1-5rpqCaNILWt5abw9qSyG8KlnYF4=",
          "requires": {
            "ee-first": "1.1.0"
          },
          "dependencies": {
            "ee-first": {
              "version": "1.1.0",
              "resolved": "https://registry.npmjs.org/ee-first/-/ee-first-1.1.0.tgz",
              "integrity": "sha1-ag18YiHkkP7v2S7D9EHJzozQl/Q="
            }
          }
        },
        "path-to-regexp": {
          "version": "0.1.3",
          "resolved": "https://registry.npmjs.org/path-to-regexp/-/path-to-regexp-0.1.3.tgz",
          "integrity": "sha1-IbmrgidCed4lsVbqCP0SylG4rss="
        },
        "proxy-addr": {
          "version": "1.0.6",
          "resolved": "https://registry.npmjs.org/proxy-addr/-/proxy-addr-1.0.6.tgz",
          "integrity": "sha1-/OOkxIa/LhiK0eduGDmaedAsDnI=",
          "requires": {
            "forwarded": "0.1.2",
            "ipaddr.js": "0.1.8"
          },
          "dependencies": {
            "ipaddr.js": {
              "version": "0.1.8",
              "resolved": "https://registry.npmjs.org/ipaddr.js/-/ipaddr.js-0.1.8.tgz",
              "integrity": "sha1-J0Qu2ne2JsRHJLSqihhn6EEFee4="
            }
          }
        },
        "qs": {
          "version": "2.3.3",
          "resolved": "https://registry.npmjs.org/qs/-/qs-2.3.3.tgz",
          "integrity": "sha1-6eha2+ddoLvkyOBHaghikPhjtAQ="
        },
        "send": {
          "version": "0.11.1",
          "resolved": "https://registry.npmjs.org/send/-/send-0.11.1.tgz",
          "integrity": "sha1-G+q/1C+eJwn5kCivMHisErRwktU=",
          "requires": {
            "debug": "2.1.2",
            "depd": "1.0.0",
            "destroy": "1.0.3",
            "escape-html": "1.0.1",
            "etag": "1.5.1",
            "fresh": "0.2.4",
            "mime": "1.2.11",
            "ms": "0.7.0",
            "on-finished": "2.2.0",
            "range-parser": "1.0.3"
          },
          "dependencies": {
            "destroy": {
              "version": "1.0.3",
              "resolved": "https://registry.npmjs.org/destroy/-/destroy-1.0.3.tgz",
              "integrity": "sha1-tDO0ck5x/YVR2YhRdIUcX8N34sk="
            },
            "mime": {
              "version": "1.2.11",
              "resolved": "https://registry.npmjs.org/mime/-/mime-1.2.11.tgz",
              "integrity": "sha1-WCA+7Ybjpe8XrtK32evUfwpg3RA="
            },
            "ms": {
              "version": "0.7.0",
              "resolved": "https://registry.npmjs.org/ms/-/ms-0.7.0.tgz",
              "integrity": "sha1-hlvpTC5zl62KV9pqYzpuLzB5i4M="
            }
          }
        },
        "serve-static": {
          "version": "1.8.1",
          "resolved": "https://registry.npmjs.org/serve-static/-/serve-static-1.8.1.tgz",
          "integrity": "sha1-CPq9OZmfBQ/DEUQ/RtWIinfs/Hw=",
          "requires": {
            "escape-html": "1.0.1",
            "parseurl": "1.3.2",
            "send": "0.11.1",
            "utils-merge": "1.0.0"
          }
        },
        "type-is": {
          "version": "1.5.7",
          "resolved": "https://registry.npmjs.org/type-is/-/type-is-1.5.7.tgz",
          "integrity": "sha1-uTaKWTzG730GReeLL0xky+zQXpA=",
          "requires": {
            "media-typer": "0.3.0",
            "mime-types": "2.0.9"
          },
          "dependencies": {
            "mime-types": {
              "version": "2.0.9",
              "resolved": "https://registry.npmjs.org/mime-types/-/mime-types-2.0.9.tgz",
              "integrity": "sha1-6ESa/yexJF3cZkG1JEOa6AxLeKY=",
              "requires": {
                "mime-db": "1.7.0"
              },
              "dependencies": {
                "mime-db": {
                  "version": "1.7.0",
                  "resolved": "https://registry.npmjs.org/mime-db/-/mime-db-1.7.0.tgz",
                  "integrity": "sha1-Ns9mpsUupxgnveKH93wlT17xuNM="
                }
              }
            }
          }
        },
        "utils-merge": {
          "version": "1.0.0",
          "resolved": "https://registry.npmjs.org/utils-merge/-/utils-merge-1.0.0.tgz",
          "integrity": "sha1-ApT7kiu5N1FTVBxPcJYjHyh8ivg="
        }
      }
    },
    "forever-agent": {
      "version": "0.5.2",
      "resolved": "https://registry.npmjs.org/forever-agent/-/forever-agent-0.5.2.tgz",
      "integrity": "sha1-bQ4JxJIflKJ/Y9O0nF/v8epMUTA="
    },
    "forwarded": {
      "version": "0.1.2",
      "resolved": "https://registry.npmjs.org/forwarded/-/forwarded-0.1.2.tgz",
      "integrity": "sha1-mMI9qxF1ZXuMBXPozszZGw/xjIQ="
    },
    "inherits": {
      "version": "2.0.3",
      "resolved": "https://registry.npmjs.org/inherits/-/inherits-2.0.3.tgz",
      "integrity": "sha1-Yzwsg+PaQqUC9SRmAiSA9CCCYd4="
    },
    "jsdom-nogyp": {
      "version": "0.8.3",
      "resolved": "https://registry.npmjs.org/jsdom-nogyp/-/jsdom-nogyp-0.8.3.tgz",
      "integrity": "sha1-kks/A8/kh9/N9jdeYyQlLOuA0Mw=",
      "requires": {
        "cssom": "0.2.5",
        "cssstyle": "0.2.28",
        "htmlparser2": "3.8.3",
        "nwmatcher": "1.3.4",
        "request": "2.53.0",
        "xmlhttprequest": "1.7.0"
      },
      "dependencies": {
        "cssstyle": {
          "version": "0.2.28",
          "resolved": "https://registry.npmjs.org/cssstyle/-/cssstyle-0.2.28.tgz",
          "integrity": "sha1-Yb+7ienl2CnBHdQJhcWDd+ORkOY=",
          "requires": {
            "cssom": "0.3.2"
          },
          "dependencies": {
            "cssom": {
              "version": "0.3.2",
              "resolved": "https://registry.npmjs.org/cssom/-/cssom-0.3.2.tgz",
              "integrity": "sha1-uANhcMefB6kP8vFuIihAJ6JDhIs="
            }
          }
        },
        "htmlparser2": {
          "version": "3.8.3",
          "resolved": "https://registry.npmjs.org/htmlparser2/-/htmlparser2-3.8.3.tgz",
          "integrity": "sha1-mWwosZFRaovoZQGn15dX5ccMEGg=",
          "requires": {
            "domelementtype": "1.3.0",
            "domhandler": "2.3.0",
            "domutils": "1.5.1",
            "entities": "1.0.0",
            "readable-stream": "1.1.13"
          },
          "dependencies": {
            "domelementtype": {
              "version": "1.3.0",
              "resolved": "https://registry.npmjs.org/domelementtype/-/domelementtype-1.3.0.tgz",
              "integrity": "sha1-sXrtguirWeUt2cGbF1bg/BhyBMI="
            },
            "domhandler": {
              "version": "2.3.0",
              "resolved": "https://registry.npmjs.org/domhandler/-/domhandler-2.3.0.tgz",
              "integrity": "sha1-LeWaCCLVAn+r/28DLCsloqir5zg=",
              "requires": {
                "domelementtype": "1.3.0"
              }
            },
            "domutils": {
              "version": "1.5.1",
              "resolved": "https://registry.npmjs.org/domutils/-/domutils-1.5.1.tgz",
              "integrity": "sha1-3NhIiib1Y9YQeeSMn3t+Mjc2gs8=",
              "requires": {
                "dom-serializer": "0.1.0",
                "domelementtype": "1.3.0"
              },
              "dependencies": {
                "dom-serializer": {
                  "version": "0.1.0",
                  "resolved": "https://registry.npmjs.org/dom-serializer/-/dom-serializer-0.1.0.tgz",
                  "integrity": "sha1-BzxpdUbOB4DOI75KKOKT5AvDDII=",
                  "requires": {
                    "domelementtype": "1.1.3",
                    "entities": "1.1.1"
                  },
                  "dependencies": {
                    "domelementtype": {
                      "version": "1.1.3",
                      "resolved": "https://registry.npmjs.org/domelementtype/-/domelementtype-1.1.3.tgz",
                      "integrity": "sha1-vSh3PiZCiBrsUVRJJCmcXNgiGFs="
                    },
                    "entities": {
                      "version": "1.1.1",
                      "resolved": "https://registry.npmjs.org/entities/-/entities-1.1.1.tgz",
                      "integrity": "sha1-blwtClYhtdra7O+AuQ7ftc13cvA="
                    }
                  }
                }
              }
            },
            "readable-stream": {
              "version": "1.1.13",
              "resolved": "https://registry.npmjs.org/readable-stream/-/readable-stream-1.1.13.tgz",
              "integrity": "sha1-9u73ZPUUyJ4rniMUanW6EGdW0j4=",
              "requires": {
                "core-util-is": "1.0.2",
                "inherits": "2.0.3",
                "isarray": "0.0.1",
                "string_decoder": "0.10.31"
              },
              "dependencies": {
                "isarray": {
                  "version": "0.0.1",
                  "resolved": "https://registry.npmjs.org/isarray/-/isarray-0.0.1.tgz",
                  "integrity": "sha1-ihis/Kmo9Bd+Cav8YDiTmwXR7t8="
                },
                "string_decoder": {
                  "version": "0.10.31",
                  "resolved": "https://registry.npmjs.org/string_decoder/-/string_decoder-0.10.31.tgz",
                  "integrity": "sha1-YuIDvEF2bGwoyfyEMB2rHFMQ+pQ="
                }
              }
            }
          }
        },
        "nwmatcher": {
          "version": "1.3.4",
          "resolved": "https://registry.npmjs.org/nwmatcher/-/nwmatcher-1.3.4.tgz",
          "integrity": "sha1-llqgX8O8neCmQ4yMBxaYZgkv2u0="
        },
        "xmlhttprequest": {
          "version": "1.7.0",
          "resolved": "https://registry.npmjs.org/xmlhttprequest/-/xmlhttprequest-1.7.0.tgz",
          "integrity": "sha1-3Gl6jfAlivrK1SbBwpaxvdEsSrM="
        }
      }
    },
    "json-stringify-safe": {
      "version": "5.0.1",
      "resolved": "https://registry.npmjs.org/json-stringify-safe/-/json-stringify-safe-5.0.1.tgz",
      "integrity": "sha1-Epai1Y/UXxmg9s4B1lcB4sc1tus="
    },
    "parseurl": {
      "version": "1.3.2",
      "resolved": "https://registry.npmjs.org/parseurl/-/parseurl-1.3.2.tgz",
      "integrity": "sha1-/CidTtiZMRlGDBViUyYs3I3mW/M="
    },
    "pg": {
      "version": "4.3.0",
      "resolved": "https://registry.npmjs.org/pg/-/pg-4.3.0.tgz",
      "integrity": "sha1-++7Qk2PpJYUANU/JfT3XVm/3WP4=",
      "requires": {
        "buffer-writer": "1.0.0",
        "generic-pool": "2.1.1",
        "packet-reader": "0.2.0",
        "pg-connection-string": "0.1.3",
        "pg-types": "1.7.0",
        "pgpass": "0.0.3",
        "semver": "4.3.3"
      },
      "dependencies": {
        "buffer-writer": {
          "version": "1.0.0",
          "resolved": "https://registry.npmjs.org/buffer-writer/-/buffer-writer-1.0.0.tgz",
          "integrity": "sha1-bCnDst6gyeRVofJhoZmkigT4iwg="
        },
        "generic-pool": {
          "version": "2.1.1",
          "resolved": "https://registry.npmjs.org/generic-pool/-/generic-pool-2.1.1.tgz",
          "integrity": "sha1-rwTcLDJc/Ll1Aj+lK/zpYXp0Nf0="
        },
        "packet-reader": {
          "version": "0.2.0",
          "resolved": "https://registry.npmjs.org/packet-reader/-/packet-reader-0.2.0.tgz",
          "integrity": "sha1-gZ300BC4LV6lZx+KGjrPA5vNdwA="
        },
        "pg-connection-string": {
          "version": "0.1.3",
          "resolved": "https://registry.npmjs.org/pg-connection-string/-/pg-connection-string-0.1.3.tgz",
          "integrity": "sha1-2hhHsglA5C7hSSvq9l1J2RskXfc="
        },
        "pg-types": {
          "version": "1.7.0",
          "resolved": "https://registry.npmjs.org/pg-types/-/pg-types-1.7.0.tgz",
          "integrity": "sha1-3paibnBgZ1gNHrHmRO1ZvdczICk="
        },
        "pgpass": {
          "version": "0.0.3",
          "resolved": "https://registry.npmjs.org/pgpass/-/pgpass-0.0.3.tgz",
          "integrity": "sha1-EuZ+NDsxicLzEgbrycwL7//PkUA=",
          "requires": {
            "split": "0.3.3"
          },
          "dependencies": {
            "split": {
              "version": "0.3.3",
              "resolved": "https://registry.npmjs.org/split/-/split-0.3.3.tgz",
              "integrity": "sha1-zQ7qXmOiEd//frDwkcQTPi0N0o8=",
              "requires": {
                "through": "2.3.7"
              },
              "dependencies": {
                "through": {
                  "version": "2.3.7",
                  "resolved": "https://registry.npmjs.org/through/-/through-2.3.7.tgz",
                  "integrity": "sha1-X8w2kP7S/fmMb8iLTSB6RiSsO4c="
                }
              }
            }
          }
        },
        "semver": {
          "version": "4.3.3",
          "resolved": "https://registry.npmjs.org/semver/-/semver-4.3.3.tgz",
          "integrity": "sha1-FUZrYSILw3HNjw5map94Uynqgig="
        }
      }
    },
    "punycode": {
      "version": "1.4.1",
      "resolved": "https://registry.npmjs.org/punycode/-/punycode-1.4.1.tgz",
      "integrity": "sha1-wNWmOycYgArY4esPpSachN1BhF4="
    },
    "range-parser": {
      "version": "1.0.3",
      "resolved": "https://registry.npmjs.org/range-parser/-/range-parser-1.0.3.tgz",
      "integrity": "sha1-aHKCNTXGkuLCoBA4Jq/YLC4P8XU="
    },
    "request": {
      "version": "2.53.0",
      "resolved": "https://registry.npmjs.org/request/-/request-2.53.0.tgz",
      "integrity": "sha1-GAo66St7Y5gC5PlUXdj83rcddgw=",
      "requires": {
        "aws-sign2": "0.5.0",
        "bl": "0.9.4",
        "caseless": "0.9.0",
        "combined-stream": "0.0.7",
        "forever-agent": "0.5.2",
        "form-data": "0.2.0",
        "hawk": "2.3.1",
        "http-signature": "0.10.1",
        "isstream": "0.1.2",
        "json-stringify-safe": "5.0.1",
        "mime-types": "2.0.9",
        "node-uuid": "1.4.3",
        "oauth-sign": "0.6.0",
        "qs": "2.3.3",
        "stringstream": "0.0.4",
        "tough-cookie": "2.3.3",
        "tunnel-agent": "0.4.3"
      },
      "dependencies": {
        "bl": {
          "version": "0.9.4",
          "resolved": "https://registry.npmjs.org/bl/-/bl-0.9.4.tgz",
          "integrity": "sha1-RwLd9y++Ds2CeHwAwROuoZNa0Oc=",
          "requires": {
            "readable-stream": "1.0.33"
          },
          "dependencies": {
            "readable-stream": {
              "version": "1.0.33",
              "resolved": "https://registry.npmjs.org/readable-stream/-/readable-stream-1.0.33.tgz",
              "integrity": "sha1-OjYN1mwbHX/UcFOJhg7aHQ9hEmw=",
              "requires": {
                "core-util-is": "1.0.2",
                "inherits": "2.0.3",
                "isarray": "0.0.1",
                "string_decoder": "0.10.31"
              },
              "dependencies": {
                "isarray": {
                  "version": "0.0.1",
                  "resolved": "https://registry.npmjs.org/isarray/-/isarray-0.0.1.tgz",
                  "integrity": "sha1-ihis/Kmo9Bd+Cav8YDiTmwXR7t8="
                },
                "string_decoder": {
                  "version": "0.10.31",
                  "resolved": "https://registry.npmjs.org/string_decoder/-/string_decoder-0.10.31.tgz",
                  "integrity": "sha1-YuIDvEF2bGwoyfyEMB2rHFMQ+pQ="
                }
              }
            }
          }
        },
        "caseless": {
          "version": "0.9.0",
          "resolved": "https://registry.npmjs.org/caseless/-/caseless-0.9.0.tgz",
          "integrity": "sha1-t7Zc5r8UE4hlOc/VM/CzDv+pz4g="
        },
        "combined-stream": {
          "version": "0.0.7",
          "resolved": "https://registry.npmjs.org/combined-stream/-/combined-stream-0.0.7.tgz",
          "integrity": "sha1-ATfmV7qlp1QcV6w3rF/AfXO03B8=",
          "requires": {
            "delayed-stream": "0.0.5"
          },
          "dependencies": {
            "delayed-stream": {
              "version": "0.0.5",
              "resolved": "https://registry.npmjs.org/delayed-stream/-/delayed-stream-0.0.5.tgz",
              "integrity": "sha1-1LH0OpPoKW3+AmlPRoC8N6MTxz8="
            }
          }
        },
        "form-data": {
          "version": "0.2.0",
          "resolved": "https://registry.npmjs.org/form-data/-/form-data-0.2.0.tgz",
          "integrity": "sha1-Jvi8JtpkQOKZy9z7aQNcT3em5GY=",
          "requires": {
            "async": "0.9.2",
            "combined-stream": "0.0.7",
            "mime-types": "2.0.9"
          }
        },
        "hawk": {
          "version": "2.3.1",
          "resolved": "https://registry.npmjs.org/hawk/-/hawk-2.3.1.tgz",
          "integrity": "sha1-HnMc45RH+h0PbXB/e87r7A/R7B8=",
          "requires": {
            "boom": "2.6.1",
            "cryptiles": "2.0.4",
            "hoek": "2.11.1",
            "sntp": "1.0.9"
          },
          "dependencies": {
            "boom": {
              "version": "2.6.1",
              "resolved": "https://registry.npmjs.org/boom/-/boom-2.6.1.tgz",
              "integrity": "sha1-Tcjvm2362cQ7u/vnH6TCFBnyJ1M=",
              "requires": {
                "hoek": "2.11.1"
              }
            },
            "cryptiles": {
              "version": "2.0.4",
              "resolved": "https://registry.npmjs.org/cryptiles/-/cryptiles-2.0.4.tgz",
              "integrity": "sha1-CeoXdbnhx95+YKmdQqtvCM4aEoU=",
              "requires": {
                "boom": "2.6.1"
              }
            },
            "hoek": {
              "version": "2.11.1",
              "resolved": "https://registry.npmjs.org/hoek/-/hoek-2.11.1.tgz",
              "integrity": "sha1-ODmoty+Gqt4zEhAK+vgGSK8VWzg="
            },
            "sntp": {
              "version": "1.0.9",
              "resolved": "https://registry.npmjs.org/sntp/-/sntp-1.0.9.tgz",
              "integrity": "sha1-ZUEYTMkK7qbG57NeJlkIJEPGYZg=",
              "requires": {
                "hoek": "2.11.1"
              }
            }
          }
        },
        "http-signature": {
          "version": "0.10.1",
          "resolved": "https://registry.npmjs.org/http-signature/-/http-signature-0.10.1.tgz",
          "integrity": "sha1-T72sEyVZqoMjEh5UB3nAoBKyfmY=",
          "requires": {
            "asn1": "0.1.11",
            "assert-plus": "0.1.5",
            "ctype": "0.5.3"
          },
          "dependencies": {
            "asn1": {
              "version": "0.1.11",
              "resolved": "https://registry.npmjs.org/asn1/-/asn1-0.1.11.tgz",
              "integrity": "sha1-VZvhg3bQik7E2+gId9J4GGObLfc="
            },
            "assert-plus": {
              "version": "0.1.5",
              "resolved": "https://registry.npmjs.org/assert-plus/-/assert-plus-0.1.5.tgz",
              "integrity": "sha1-7nQAlBMALYTOxyGcasgRgS5yMWA="
            },
            "ctype": {
              "version": "0.5.3",
              "resolved": "https://registry.npmjs.org/ctype/-/ctype-0.5.3.tgz",
              "integrity": "sha1-gsGMJGH3QRTvFsE1IkrQuRRMoS8="
            }
          }
        },
        "isstream": {
          "version": "0.1.2",
          "resolved": "https://registry.npmjs.org/isstream/-/isstream-0.1.2.tgz",
          "integrity": "sha1-R+Y/evVa+m+S4VAOaQ64uFKcCZo="
        },
        "mime-types": {
          "version": "2.0.9",
          "resolved": "https://registry.npmjs.org/mime-types/-/mime-types-2.0.9.tgz",
          "integrity": "sha1-6ESa/yexJF3cZkG1JEOa6AxLeKY=",
          "requires": {
            "mime-db": "1.7.0"
          },
          "dependencies": {
            "mime-db": {
              "version": "1.7.0",
              "resolved": "https://registry.npmjs.org/mime-db/-/mime-db-1.7.0.tgz",
              "integrity": "sha1-Ns9mpsUupxgnveKH93wlT17xuNM="
            }
          }
        },
        "node-uuid": {
          "version": "1.4.3",
          "resolved": "https://registry.npmjs.org/node-uuid/-/node-uuid-1.4.3.tgz",
          "integrity": "sha1-MZu3pW58tj8AtcDNeFHNS03fHfk="
        },
        "oauth-sign": {
          "version": "0.6.0",
          "resolved": "https://registry.npmjs.org/oauth-sign/-/oauth-sign-0.6.0.tgz",
          "integrity": "sha1-fb6uRPbKRU4fFoRR1jB0ZzWBPOM="
        },
        "qs": {
          "version": "2.3.3",
          "resolved": "https://registry.npmjs.org/qs/-/qs-2.3.3.tgz",
          "integrity": "sha1-6eha2+ddoLvkyOBHaghikPhjtAQ="
        },
        "stringstream": {
          "version": "0.0.4",
          "resolved": "https://registry.npmjs.org/stringstream/-/stringstream-0.0.4.tgz",
          "integrity": "sha1-Dw40I/lClgtWkqwySlfdCTvEGpI="
        }
      }
    },
    "serve-favicon": {
      "version": "2.2.0",
      "resolved": "https://registry.npmjs.org/serve-favicon/-/serve-favicon-2.2.0.tgz",
      "integrity": "sha1-oMJe6KZS4aY4pn20YmnNUqhwWFg=",
      "requires": {
        "etag": "1.5.1",
        "fresh": "0.2.4",
        "ms": "0.7.0",
        "parseurl": "1.3.2"
      },
      "dependencies": {
        "fresh": {
          "version": "0.2.4",
          "resolved": "https://registry.npmjs.org/fresh/-/fresh-0.2.4.tgz",
          "integrity": "sha1-NYJJkgbJcjcUGQ7ddLRgT+tKYUw="
        },
        "ms": {
          "version": "0.7.0",
          "resolved": "https://registry.npmjs.org/ms/-/ms-0.7.0.tgz",
          "integrity": "sha1-hlvpTC5zl62KV9pqYzpuLzB5i4M="
        }
      }
    },
    "togeojson": {
      "version": "0.11.1",
      "resolved": "https://registry.npmjs.org/togeojson/-/togeojson-0.11.1.tgz",
      "integrity": "sha1-1T2Q9IyevjWExWL8wjHtYp9Jr/8=",
      "requires": {
        "concat-stream": "1.4.10",
        "minimist": "0.0.8",
        "xmldom": "0.1.27"
      },
      "dependencies": {
        "concat-stream": {
          "version": "1.4.10",
          "resolved": "https://registry.npmjs.org/concat-stream/-/concat-stream-1.4.10.tgz",
          "integrity": "sha1-rMO79WAsuMyYDGrIQPp9hgPj7zY=",
          "requires": {
            "inherits": "2.0.3",
            "readable-stream": "1.1.13",
            "typedarray": "0.0.6"
          },
          "dependencies": {
            "readable-stream": {
              "version": "1.1.13",
              "resolved": "https://registry.npmjs.org/readable-stream/-/readable-stream-1.1.13.tgz",
              "integrity": "sha1-9u73ZPUUyJ4rniMUanW6EGdW0j4=",
              "requires": {
                "core-util-is": "1.0.2",
                "inherits": "2.0.3",
                "isarray": "0.0.1",
                "string_decoder": "0.10.31"
              },
              "dependencies": {
                "isarray": {
                  "version": "0.0.1",
                  "resolved": "https://registry.npmjs.org/isarray/-/isarray-0.0.1.tgz",
                  "integrity": "sha1-ihis/Kmo9Bd+Cav8YDiTmwXR7t8="
                },
                "string_decoder": {
                  "version": "0.10.31",
                  "resolved": "https://registry.npmjs.org/string_decoder/-/string_decoder-0.10.31.tgz",
                  "integrity": "sha1-YuIDvEF2bGwoyfyEMB2rHFMQ+pQ="
                }
              }
            },
            "typedarray": {
              "version": "0.0.6",
              "resolved": "https://registry.npmjs.org/typedarray/-/typedarray-0.0.6.tgz",
              "integrity": "sha1-hnrHTjhkGHsdPUfZlqeOxciDB3c="
            }
          }
        },
        "minimist": {
          "version": "0.0.8",
          "resolved": "https://registry.npmjs.org/minimist/-/minimist-0.0.8.tgz",
          "integrity": "sha1-hX/Kv8M5fSYluCKCYuhqp6ARsF0="
        }
      }
    },
    "tough-cookie": {
      "version": "2.3.3",
      "resolved": "https://registry.npmjs.org/tough-cookie/-/tough-cookie-2.3.3.tgz",
      "integrity": "sha1-C2GKVWW23qkL80JdBNVe3EdadWE=",
      "requires": {
        "punycode": "1.4.1"
      }
    },
    "tunnel-agent": {
      "version": "0.4.3",
      "resolved": "https://registry.npmjs.org/tunnel-agent/-/tunnel-agent-0.4.3.tgz",
      "integrity": "sha1-Y3PbdpCf5XDgjXNYM2Xtgop07us="
    },
    "vary": {
      "version": "1.0.1",
      "resolved": "https://registry.npmjs.org/vary/-/vary-1.0.1.tgz",
      "integrity": "sha1-meSYFWaihhGN+yuBc1ffeZM3bRA="
    },
    "xmldom": {
      "version": "0.1.27",
      "resolved": "https://registry.npmjs.org/xmldom/-/xmldom-0.1.27.tgz",
      "integrity": "sha1-1QH5ezvbQDr4757MIFcxh6rawOk="
    }
  }
}
